
Microsoft Visual Studio Solution File, Format Version 12.00
# Visual Studio Version 17
VisualStudioVersion = 17.10.35013.160
MinimumVisualStudioVersion = 10.0.40219.1
Project("{9A19103F-16F7-4668-BE54-9A1E7A4F7556}") = "BankSystemc#", "BankSystemc#\BankSystemc#.csproj", "{96E3BFB0-B675-467E-8C59-C1B5A541F139}"
EndProject
Project("{FAE04EC0-301F-11D3-BF4B-00C04F79EFBC}") = "BankSystemc#Tests", "BankSystemc#Tests\BankSystemc#Tests.csproj", "{811215B1-8D96-4FAC-9D09-36C84645D6D5}"
EndProject
Global
	GlobalSection(SolutionConfigurationPlatforms) = preSolution
		Debug|Any CPU = Debug|Any CPU
		Release|Any CPU = Release|Any CPU
	EndGlobalSection
	GlobalSection(ProjectConfigurationPlatforms) = postSolution
		{96E3BFB0-B675-467E-8C59-C1B5A541F139}.Debug|Any CPU.ActiveCfg = Debug|Any CPU
		{96E3BFB0-B675-467E-8C59-C1B5A541F139}.Debug|Any CPU.Build.0 = Debug|Any CPU
		{96E3BFB0-B675-467E-8C59-C1B5A541F139}.Release|Any CPU.ActiveCfg = Release|Any CPU
		{96E3BFB0-B675-467E-8C59-C1B5A541F139}.Release|Any CPU.Build.0 = Release|Any CPU
		{811215B1-8D96-4FAC-9D09-36C84645D6D5}.Debug|Any CPU.ActiveCfg = Debug|Any CPU
		{811215B1-8D96-4FAC-9D09-36C84645D6D5}.Debug|Any CPU.Build.0 = Debug|Any CPU
		{811215B1-8D96-4FAC-9D09-36C84645D6D5}.Release|Any CPU.ActiveCfg = Release|Any CPU
		{811215B1-8D96-4FAC-9D09-36C84645D6D5}.Release|Any CPU.Build.0 = Release|Any CPU
	EndGlobalSection
	GlobalSection(SolutionProperties) = preSolution
		HideSolutionNode = FALSE
	EndGlobalSection
	GlobalSection(ExtensibilityGlobals) = postSolution
		SolutionGuid = {CE3F2493-FD0D-4130-9755-95E08EE334A0}
	EndGlobalSection
EndGlobal
